<?xml version="1.0" encoding="utf-8"?>
<Project ToolsVersion="4.0" xmlns="http://schemas.microsoft.com/developer/msbuild/2003">
  <ItemGroup>
    <Filter Include="源文件">
      <UniqueIdentifier>{4FC737F1-C7A5-4376-A066-2A32D752A2FF}</UniqueIdentifier>
      <Extensions>cpp;c;cc;cxx;def;odl;idl;hpj;bat;asm;asmx</Extensions>
    </Filter>
    <Filter Include="资源文件">
      <UniqueIdentifier>{67DA6AB6-F800-4c08-8B7A-83BB121AAD01}</UniqueIdentifier>
      <Extensions>rc;ico;cur;bmp;dlg;rc2;rct;bin;rgs;gif;jpg;jpeg;jpe;resx;tiff;tif;png;wav;mfcribbon-ms</Extensions>
    </Filter>
    <Filter Include="头文件">
      <UniqueIdentifier>{93995380-89BD-4b04-88EB-625FBE52EBFB}</UniqueIdentifier>
      <Extensions>h;hh;hpp;hxx;hm;inl;inc;xsd</Extensions>
    </Filter>
  </ItemGroup>
  <ItemGroup>
    <ClInclude Include="resource.h">
      <Filter>头文件</Filter>
    </ClInclude>
    <ClInclude Include="CardInfo.h">
      <Filter>头文件</Filter>
    </ClInclude>
    <ClInclude Include="AccountingUtility.h">
      <Filter>头文件</Filter>
    </ClInclude>
    <ClInclude Include="CardMgr.h">
      <Filter>头文件</Filter>
    </ClInclude>
    <ClInclude Include="DateUtil.h">
      <Filter>头文件</Filter>
    </ClInclude>
    <ClInclude Include="FileMgrUtil.h">
      <Filter>头文件</Filter>
    </ClInclude>
    <ClInclude Include="global.h">
      <Filter>头文件</Filter>
    </ClInclude>
    <ClInclude Include="InitializeSystem.h">
      <Filter>头文件</Filter>
    </ClInclude>
    <ClInclude Include="initVariable.h">
      <Filter>头文件</Filter>
    </ClInclude>
    <ClInclude Include="menu.h">
      <Filter>头文件</Filter>
    </ClInclude>
    <ClInclude Include="RulesInfo.h">
      <Filter>头文件</Filter>
    </ClInclude>
    <ClInclude Include="RulesMgr.h">
      <Filter>头文件</Filter>
    </ClInclude>
    <ClInclude Include="SafeExitSystem.h">
      <Filter>头文件</Filter>
    </ClInclude>
    <ClInclude Include="StatisticsShow.h">
      <Filter>头文件</Filter>
    </ClInclude>
    <ClInclude Include="SystemLog.h">
      <Filter>头文件</Filter>
    </ClInclude>
    <ClInclude Include="SystemLogger.h">
      <Filter>头文件</Filter>
    </ClInclude>
    <ClInclude Include="ToolUtils.h">
      <Filter>头文件</Filter>
    </ClInclude>
  </ItemGroup>
  <ItemGroup>
    <ClCompile Include="ToolUtils.cpp">
      <Filter>源文件</Filter>
    </ClCompile>
    <ClCompile Include="SystemLogger.cpp">
      <Filter>源文件</Filter>
    </ClCompile>
    <ClCompile Include="SafeExitSystem.cpp">
      <Filter>源文件</Filter>
    </ClCompile>
    <ClCompile Include="RulesMgr.cpp">
      <Filter>源文件</Filter>
    </ClCompile>
    <ClCompile Include="menu.cpp">
      <Filter>源文件</Filter>
    </ClCompile>
    <ClCompile Include="main.cpp">
      <Filter>源文件</Filter>
    </ClCompile>
    <ClCompile Include="initVariable.cpp">
      <Filter>源文件</Filter>
    </ClCompile>
    <ClCompile Include="InitializeSystem.cpp">
      <Filter>源文件</Filter>
    </ClCompile>
    <ClCompile Include="FileMgrUtil.cpp">
      <Filter>源文件</Filter>
    </ClCompile>
    <ClCompile Include="DateUtil.cpp">
      <Filter>源文件</Filter>
    </ClCompile>
    <ClCompile Include="CardMgr.cpp">
      <Filter>源文件</Filter>
    </ClCompile>
    <ClCompile Include="StatisticsShow.cpp">
      <Filter>源文件</Filter>
    </ClCompile>
    <ClCompile Include="AccountingUtility.cpp">
      <Filter>源文件</Filter>
    </ClCompile>
  </ItemGroup>
  <ItemGroup>
    <ResourceCompile Include="Resource.rc">
      <Filter>资源文件</Filter>
    </ResourceCompile>
  </ItemGroup>
</Project>