
Microsoft Visual Studio Solution File, Format Version 12.00
# Visual Studio 14
VisualStudioVersion = 14.0.25420.1
MinimumVisualStudioVersion = 10.0.40219.1
Project("{8BC9CEB8-8B4A-11D0-8D11-00A0C91BC942}") = "StringSort", "DataStructureLesson\DataStructureLesson.vcxproj", "{04D47E1D-AC45-44F7-BC77-432658A099BB}"
EndProject
Project("{8BC9CEB8-8B4A-11D0-8D11-00A0C91BC942}") = "LoopLinkList", "LinearList01-LinkList\LinearList01-LinkList.vcxproj", "{039F8F27-B295-476A-BFF6-26574C0A3B7A}"
EndProject
Project("{8BC9CEB8-8B4A-11D0-8D11-00A0C91BC942}") = "DoubleLinkList", "LinearList02-DoubleLinkList\LinearList02-DoubleLinkList.vcxproj", "{D25FBCFA-12E9-4006-87EA-7B453B061A19}"
EndProject
Project("{8BC9CEB8-8B4A-11D0-8D11-00A0C91BC942}") = "ArrayStack", "LinearList03-ArrayStack\LinearList03-ArrayStack.vcxproj", "{DB83A6DF-41EB-41A7-8BD3-2783E38C3613}"
EndProject
Project("{8BC9CEB8-8B4A-11D0-8D11-00A0C91BC942}") = "LinkListStack", "LinearList04-LinkListStack\LinearList04-LinkListStack.vcxproj", "{658E7A43-9CEC-4EA7-8941-B8E471244942}"
EndProject
Project("{8BC9CEB8-8B4A-11D0-8D11-00A0C91BC942}") = "LinkListQueue", "LinearList05-ArrayQueue\LinearList05-ArrayQueue.vcxproj", "{054EF57D-910D-4E27-B11B-46B73CC4483F}"
EndProject
Project("{2150E333-8FDC-42A3-9474-1A3956D46DE8}") = "LinearList", "LinearList", "{FC4C68F8-39C5-4A68-A128-B39C4860E27F}"
EndProject
Project("{2150E333-8FDC-42A3-9474-1A3956D46DE8}") = "StackAndQueue", "StackAndQueue", "{664667BD-DCAA-4B0E-A5AB-C9ACCA852DA1}"
EndProject
Project("{2150E333-8FDC-42A3-9474-1A3956D46DE8}") = "01Array", "01Array", "{7F4564D3-E7DA-4C94-B182-073012A4944B}"
EndProject
Project("{2150E333-8FDC-42A3-9474-1A3956D46DE8}") = "02SingleLinkedList", "02SingleLinkedList", "{61B98919-FAFA-43C1-A98B-BD1171604C71}"
EndProject
Project("{2150E333-8FDC-42A3-9474-1A3956D46DE8}") = "03DoubleLinkedList", "03DoubleLinkedList", "{3F81F6C7-10B6-4B63-BE6D-80BFA3006722}"
EndProject
Project("{2150E333-8FDC-42A3-9474-1A3956D46DE8}") = "Stack", "Stack", "{A6742FDD-BE20-464E-A9B2-756584E5319B}"
EndProject
Project("{2150E333-8FDC-42A3-9474-1A3956D46DE8}") = "Queue", "Queue", "{6890ACC9-C618-4507-9017-1B5C7AD66403}"
EndProject
Project("{8BC9CEB8-8B4A-11D0-8D11-00A0C91BC942}") = "DeleteZeroElem", "DeleteZeroElem\DeleteZeroElem.vcxproj", "{87A1577B-7EC1-48AA-B07A-5135A5717E21}"
EndProject
Project("{8BC9CEB8-8B4A-11D0-8D11-00A0C91BC942}") = "MoveElem", "MoveElem\MoveElem.vcxproj", "{4DEB6620-30F6-45A6-B999-2FA86278CE88}"
EndProject
Project("{8BC9CEB8-8B4A-11D0-8D11-00A0C91BC942}") = "DeleteRepetitionElem", "DeleteRepetitionElem\DeleteRepetitionElem.vcxproj", "{4C9DC8B4-ACDE-4D32-8694-15320B950BD4}"
EndProject
Project("{8BC9CEB8-8B4A-11D0-8D11-00A0C91BC942}") = "BracketsMatchingCheck", "BracketsMatchingCheck\BracketsMatchingCheck.vcxproj", "{A0DFEB12-0926-4EC7-8B66-70473C5B164C}"
EndProject
Project("{8BC9CEB8-8B4A-11D0-8D11-00A0C91BC942}") = "PolynomialTest", "PolynomialTest\PolynomialTest.vcxproj", "{65079C56-ADA4-4620-AB01-A325B10AEB51}"
EndProject
Project("{8BC9CEB8-8B4A-11D0-8D11-00A0C91BC942}") = "CalculatorTest", "CalculatorTest\CalculatorTest.vcxproj", "{88454E7C-7FF4-4061-AC34-AA62F2B12948}"
EndProject
Project("{8BC9CEB8-8B4A-11D0-8D11-00A0C91BC942}") = "SingleLinkedListPrt", "SingleLinkedListPrt\SingleLinkedListPrt.vcxproj", "{8275ED5F-564D-4C2B-AFF0-B4ABD76A5993}"
EndProject
Project("{2150E333-8FDC-42A3-9474-1A3956D46DE8}") = "Tree", "Tree", "{E8CDC71A-DEB5-42A9-9A69-E45B04D4818A}"
EndProject
Project("{8BC9CEB8-8B4A-11D0-8D11-00A0C91BC942}") = "HuffmanAlgorithm", "HuffmanAlgorithm\HuffmanAlgorithm.vcxproj", "{B67C2E65-E46E-4E63-A93C-9AAA0DB42994}"
EndProject
Global
	GlobalSection(SolutionConfigurationPlatforms) = preSolution
		Debug|x64 = Debug|x64
		Debug|x86 = Debug|x86
		Release|x64 = Release|x64
		Release|x86 = Release|x86
	EndGlobalSection
	GlobalSection(ProjectConfigurationPlatforms) = postSolution
		{04D47E1D-AC45-44F7-BC77-432658A099BB}.Debug|x64.ActiveCfg = Debug|x64
		{04D47E1D-AC45-44F7-BC77-432658A099BB}.Debug|x64.Build.0 = Debug|x64
		{04D47E1D-AC45-44F7-BC77-432658A099BB}.Debug|x86.ActiveCfg = Debug|Win32
		{04D47E1D-AC45-44F7-BC77-432658A099BB}.Debug|x86.Build.0 = Debug|Win32
		{04D47E1D-AC45-44F7-BC77-432658A099BB}.Release|x64.ActiveCfg = Release|x64
		{04D47E1D-AC45-44F7-BC77-432658A099BB}.Release|x64.Build.0 = Release|x64
		{04D47E1D-AC45-44F7-BC77-432658A099BB}.Release|x86.ActiveCfg = Release|Win32
		{04D47E1D-AC45-44F7-BC77-432658A099BB}.Release|x86.Build.0 = Release|Win32
		{039F8F27-B295-476A-BFF6-26574C0A3B7A}.Debug|x64.ActiveCfg = Debug|x64
		{039F8F27-B295-476A-BFF6-26574C0A3B7A}.Debug|x64.Build.0 = Debug|x64
		{039F8F27-B295-476A-BFF6-26574C0A3B7A}.Debug|x86.ActiveCfg = Debug|Win32
		{039F8F27-B295-476A-BFF6-26574C0A3B7A}.Debug|x86.Build.0 = Debug|Win32
		{039F8F27-B295-476A-BFF6-26574C0A3B7A}.Release|x64.ActiveCfg = Release|x64
		{039F8F27-B295-476A-BFF6-26574C0A3B7A}.Release|x64.Build.0 = Release|x64
		{039F8F27-B295-476A-BFF6-26574C0A3B7A}.Release|x86.ActiveCfg = Release|Win32
		{039F8F27-B295-476A-BFF6-26574C0A3B7A}.Release|x86.Build.0 = Release|Win32
		{D25FBCFA-12E9-4006-87EA-7B453B061A19}.Debug|x64.ActiveCfg = Debug|x64
		{D25FBCFA-12E9-4006-87EA-7B453B061A19}.Debug|x64.Build.0 = Debug|x64
		{D25FBCFA-12E9-4006-87EA-7B453B061A19}.Debug|x86.ActiveCfg = Debug|Win32
		{D25FBCFA-12E9-4006-87EA-7B453B061A19}.Debug|x86.Build.0 = Debug|Win32
		{D25FBCFA-12E9-4006-87EA-7B453B061A19}.Release|x64.ActiveCfg = Release|x64
		{D25FBCFA-12E9-4006-87EA-7B453B061A19}.Release|x64.Build.0 = Release|x64
		{D25FBCFA-12E9-4006-87EA-7B453B061A19}.Release|x86.ActiveCfg = Release|Win32
		{D25FBCFA-12E9-4006-87EA-7B453B061A19}.Release|x86.Build.0 = Release|Win32
		{DB83A6DF-41EB-41A7-8BD3-2783E38C3613}.Debug|x64.ActiveCfg = Debug|x64
		{DB83A6DF-41EB-41A7-8BD3-2783E38C3613}.Debug|x64.Build.0 = Debug|x64
		{DB83A6DF-41EB-41A7-8BD3-2783E38C3613}.Debug|x86.ActiveCfg = Debug|Win32
		{DB83A6DF-41EB-41A7-8BD3-2783E38C3613}.Debug|x86.Build.0 = Debug|Win32
		{DB83A6DF-41EB-41A7-8BD3-2783E38C3613}.Release|x64.ActiveCfg = Release|x64
		{DB83A6DF-41EB-41A7-8BD3-2783E38C3613}.Release|x64.Build.0 = Release|x64
		{DB83A6DF-41EB-41A7-8BD3-2783E38C3613}.Release|x86.ActiveCfg = Release|Win32
		{DB83A6DF-41EB-41A7-8BD3-2783E38C3613}.Release|x86.Build.0 = Release|Win32
		{658E7A43-9CEC-4EA7-8941-B8E471244942}.Debug|x64.ActiveCfg = Debug|x64
		{658E7A43-9CEC-4EA7-8941-B8E471244942}.Debug|x64.Build.0 = Debug|x64
		{658E7A43-9CEC-4EA7-8941-B8E471244942}.Debug|x86.ActiveCfg = Debug|Win32
		{658E7A43-9CEC-4EA7-8941-B8E471244942}.Debug|x86.Build.0 = Debug|Win32
		{658E7A43-9CEC-4EA7-8941-B8E471244942}.Release|x64.ActiveCfg = Release|x64
		{658E7A43-9CEC-4EA7-8941-B8E471244942}.Release|x64.Build.0 = Release|x64
		{658E7A43-9CEC-4EA7-8941-B8E471244942}.Release|x86.ActiveCfg = Release|Win32
		{658E7A43-9CEC-4EA7-8941-B8E471244942}.Release|x86.Build.0 = Release|Win32
		{054EF57D-910D-4E27-B11B-46B73CC4483F}.Debug|x64.ActiveCfg = Debug|x64
		{054EF57D-910D-4E27-B11B-46B73CC4483F}.Debug|x64.Build.0 = Debug|x64
		{054EF57D-910D-4E27-B11B-46B73CC4483F}.Debug|x86.ActiveCfg = Debug|Win32
		{054EF57D-910D-4E27-B11B-46B73CC4483F}.Debug|x86.Build.0 = Debug|Win32
		{054EF57D-910D-4E27-B11B-46B73CC4483F}.Release|x64.ActiveCfg = Release|x64
		{054EF57D-910D-4E27-B11B-46B73CC4483F}.Release|x64.Build.0 = Release|x64
		{054EF57D-910D-4E27-B11B-46B73CC4483F}.Release|x86.ActiveCfg = Release|Win32
		{054EF57D-910D-4E27-B11B-46B73CC4483F}.Release|x86.Build.0 = Release|Win32
		{87A1577B-7EC1-48AA-B07A-5135A5717E21}.Debug|x64.ActiveCfg = Debug|x64
		{87A1577B-7EC1-48AA-B07A-5135A5717E21}.Debug|x64.Build.0 = Debug|x64
		{87A1577B-7EC1-48AA-B07A-5135A5717E21}.Debug|x86.ActiveCfg = Debug|Win32
		{87A1577B-7EC1-48AA-B07A-5135A5717E21}.Debug|x86.Build.0 = Debug|Win32
		{87A1577B-7EC1-48AA-B07A-5135A5717E21}.Release|x64.ActiveCfg = Release|x64
		{87A1577B-7EC1-48AA-B07A-5135A5717E21}.Release|x64.Build.0 = Release|x64
		{87A1577B-7EC1-48AA-B07A-5135A5717E21}.Release|x86.ActiveCfg = Release|Win32
		{87A1577B-7EC1-48AA-B07A-5135A5717E21}.Release|x86.Build.0 = Release|Win32
		{4DEB6620-30F6-45A6-B999-2FA86278CE88}.Debug|x64.ActiveCfg = Debug|x64
		{4DEB6620-30F6-45A6-B999-2FA86278CE88}.Debug|x64.Build.0 = Debug|x64
		{4DEB6620-30F6-45A6-B999-2FA86278CE88}.Debug|x86.ActiveCfg = Debug|Win32
		{4DEB6620-30F6-45A6-B999-2FA86278CE88}.Debug|x86.Build.0 = Debug|Win32
		{4DEB6620-30F6-45A6-B999-2FA86278CE88}.Release|x64.ActiveCfg = Release|x64
		{4DEB6620-30F6-45A6-B999-2FA86278CE88}.Release|x64.Build.0 = Release|x64
		{4DEB6620-30F6-45A6-B999-2FA86278CE88}.Release|x86.ActiveCfg = Release|Win32
		{4DEB6620-30F6-45A6-B999-2FA86278CE88}.Release|x86.Build.0 = Release|Win32
		{4C9DC8B4-ACDE-4D32-8694-15320B950BD4}.Debug|x64.ActiveCfg = Debug|x64
		{4C9DC8B4-ACDE-4D32-8694-15320B950BD4}.Debug|x64.Build.0 = Debug|x64
		{4C9DC8B4-ACDE-4D32-8694-15320B950BD4}.Debug|x86.ActiveCfg = Debug|Win32
		{4C9DC8B4-ACDE-4D32-8694-15320B950BD4}.Debug|x86.Build.0 = Debug|Win32
		{4C9DC8B4-ACDE-4D32-8694-15320B950BD4}.Release|x64.ActiveCfg = Release|x64
		{4C9DC8B4-ACDE-4D32-8694-15320B950BD4}.Release|x64.Build.0 = Release|x64
		{4C9DC8B4-ACDE-4D32-8694-15320B950BD4}.Release|x86.ActiveCfg = Release|Win32
		{4C9DC8B4-ACDE-4D32-8694-15320B950BD4}.Release|x86.Build.0 = Release|Win32
		{A0DFEB12-0926-4EC7-8B66-70473C5B164C}.Debug|x64.ActiveCfg = Debug|x64
		{A0DFEB12-0926-4EC7-8B66-70473C5B164C}.Debug|x64.Build.0 = Debug|x64
		{A0DFEB12-0926-4EC7-8B66-70473C5B164C}.Debug|x86.ActiveCfg = Debug|Win32
		{A0DFEB12-0926-4EC7-8B66-70473C5B164C}.Debug|x86.Build.0 = Debug|Win32
		{A0DFEB12-0926-4EC7-8B66-70473C5B164C}.Release|x64.ActiveCfg = Release|x64
		{A0DFEB12-0926-4EC7-8B66-70473C5B164C}.Release|x64.Build.0 = Release|x64
		{A0DFEB12-0926-4EC7-8B66-70473C5B164C}.Release|x86.ActiveCfg = Release|Win32
		{A0DFEB12-0926-4EC7-8B66-70473C5B164C}.Release|x86.Build.0 = Release|Win32
		{65079C56-ADA4-4620-AB01-A325B10AEB51}.Debug|x64.ActiveCfg = Debug|x64
		{65079C56-ADA4-4620-AB01-A325B10AEB51}.Debug|x64.Build.0 = Debug|x64
		{65079C56-ADA4-4620-AB01-A325B10AEB51}.Debug|x86.ActiveCfg = Debug|Win32
		{65079C56-ADA4-4620-AB01-A325B10AEB51}.Debug|x86.Build.0 = Debug|Win32
		{65079C56-ADA4-4620-AB01-A325B10AEB51}.Release|x64.ActiveCfg = Release|x64
		{65079C56-ADA4-4620-AB01-A325B10AEB51}.Release|x64.Build.0 = Release|x64
		{65079C56-ADA4-4620-AB01-A325B10AEB51}.Release|x86.ActiveCfg = Release|Win32
		{65079C56-ADA4-4620-AB01-A325B10AEB51}.Release|x86.Build.0 = Release|Win32
		{88454E7C-7FF4-4061-AC34-AA62F2B12948}.Debug|x64.ActiveCfg = Debug|x64
		{88454E7C-7FF4-4061-AC34-AA62F2B12948}.Debug|x64.Build.0 = Debug|x64
		{88454E7C-7FF4-4061-AC34-AA62F2B12948}.Debug|x86.ActiveCfg = Debug|Win32
		{88454E7C-7FF4-4061-AC34-AA62F2B12948}.Debug|x86.Build.0 = Debug|Win32
		{88454E7C-7FF4-4061-AC34-AA62F2B12948}.Release|x64.ActiveCfg = Release|x64
		{88454E7C-7FF4-4061-AC34-AA62F2B12948}.Release|x64.Build.0 = Release|x64
		{88454E7C-7FF4-4061-AC34-AA62F2B12948}.Release|x86.ActiveCfg = Release|Win32
		{88454E7C-7FF4-4061-AC34-AA62F2B12948}.Release|x86.Build.0 = Release|Win32
		{8275ED5F-564D-4C2B-AFF0-B4ABD76A5993}.Debug|x64.ActiveCfg = Debug|x64
		{8275ED5F-564D-4C2B-AFF0-B4ABD76A5993}.Debug|x64.Build.0 = Debug|x64
		{8275ED5F-564D-4C2B-AFF0-B4ABD76A5993}.Debug|x86.ActiveCfg = Debug|Win32
		{8275ED5F-564D-4C2B-AFF0-B4ABD76A5993}.Debug|x86.Build.0 = Debug|Win32
		{8275ED5F-564D-4C2B-AFF0-B4ABD76A5993}.Release|x64.ActiveCfg = Release|x64
		{8275ED5F-564D-4C2B-AFF0-B4ABD76A5993}.Release|x64.Build.0 = Release|x64
		{8275ED5F-564D-4C2B-AFF0-B4ABD76A5993}.Release|x86.ActiveCfg = Release|Win32
		{8275ED5F-564D-4C2B-AFF0-B4ABD76A5993}.Release|x86.Build.0 = Release|Win32
		{B67C2E65-E46E-4E63-A93C-9AAA0DB42994}.Debug|x64.ActiveCfg = Debug|x64
		{B67C2E65-E46E-4E63-A93C-9AAA0DB42994}.Debug|x64.Build.0 = Debug|x64
		{B67C2E65-E46E-4E63-A93C-9AAA0DB42994}.Debug|x86.ActiveCfg = Debug|Win32
		{B67C2E65-E46E-4E63-A93C-9AAA0DB42994}.Debug|x86.Build.0 = Debug|Win32
		{B67C2E65-E46E-4E63-A93C-9AAA0DB42994}.Release|x64.ActiveCfg = Release|x64
		{B67C2E65-E46E-4E63-A93C-9AAA0DB42994}.Release|x64.Build.0 = Release|x64
		{B67C2E65-E46E-4E63-A93C-9AAA0DB42994}.Release|x86.ActiveCfg = Release|Win32
		{B67C2E65-E46E-4E63-A93C-9AAA0DB42994}.Release|x86.Build.0 = Release|Win32
	EndGlobalSection
	GlobalSection(SolutionProperties) = preSolution
		HideSolutionNode = FALSE
	EndGlobalSection
	GlobalSection(NestedProjects) = preSolution
		{04D47E1D-AC45-44F7-BC77-432658A099BB} = {7F4564D3-E7DA-4C94-B182-073012A4944B}
		{039F8F27-B295-476A-BFF6-26574C0A3B7A} = {61B98919-FAFA-43C1-A98B-BD1171604C71}
		{D25FBCFA-12E9-4006-87EA-7B453B061A19} = {3F81F6C7-10B6-4B63-BE6D-80BFA3006722}
		{DB83A6DF-41EB-41A7-8BD3-2783E38C3613} = {A6742FDD-BE20-464E-A9B2-756584E5319B}
		{658E7A43-9CEC-4EA7-8941-B8E471244942} = {A6742FDD-BE20-464E-A9B2-756584E5319B}
		{054EF57D-910D-4E27-B11B-46B73CC4483F} = {6890ACC9-C618-4507-9017-1B5C7AD66403}
		{7F4564D3-E7DA-4C94-B182-073012A4944B} = {FC4C68F8-39C5-4A68-A128-B39C4860E27F}
		{61B98919-FAFA-43C1-A98B-BD1171604C71} = {FC4C68F8-39C5-4A68-A128-B39C4860E27F}
		{3F81F6C7-10B6-4B63-BE6D-80BFA3006722} = {FC4C68F8-39C5-4A68-A128-B39C4860E27F}
		{A6742FDD-BE20-464E-A9B2-756584E5319B} = {664667BD-DCAA-4B0E-A5AB-C9ACCA852DA1}
		{6890ACC9-C618-4507-9017-1B5C7AD66403} = {664667BD-DCAA-4B0E-A5AB-C9ACCA852DA1}
		{87A1577B-7EC1-48AA-B07A-5135A5717E21} = {7F4564D3-E7DA-4C94-B182-073012A4944B}
		{4DEB6620-30F6-45A6-B999-2FA86278CE88} = {7F4564D3-E7DA-4C94-B182-073012A4944B}
		{4C9DC8B4-ACDE-4D32-8694-15320B950BD4} = {61B98919-FAFA-43C1-A98B-BD1171604C71}
		{A0DFEB12-0926-4EC7-8B66-70473C5B164C} = {A6742FDD-BE20-464E-A9B2-756584E5319B}
		{65079C56-ADA4-4620-AB01-A325B10AEB51} = {3F81F6C7-10B6-4B63-BE6D-80BFA3006722}
		{88454E7C-7FF4-4061-AC34-AA62F2B12948} = {A6742FDD-BE20-464E-A9B2-756584E5319B}
		{8275ED5F-564D-4C2B-AFF0-B4ABD76A5993} = {61B98919-FAFA-43C1-A98B-BD1171604C71}
		{B67C2E65-E46E-4E63-A93C-9AAA0DB42994} = {E8CDC71A-DEB5-42A9-9A69-E45B04D4818A}
	EndGlobalSection
EndGlobal
